
Microsoft Visual Studio Solution File, Format Version 12.00
# Visual Studio Version 17
VisualStudioVersion = 17.5.2.0
MinimumVisualStudioVersion = 10.0.40219.1
Project("{2150E333-8FDC-42A3-9474-1A3956D46DE8}") = "SertaoArch.UserMi", "SertaoArch.UserMi", "{89EEF720-07C1-E444-384C-A52FA18102CF}"
EndProject
Project("{FAE04EC0-301F-11D3-BF4B-00C04F79EFBC}") = "SertaoArch.Domain", "SertaoArch.Domain\SertaoArch.Domain.csproj", "{DD59A8B2-409B-1010-204F-862AE1A615E0}"
EndProject
Project("{FAE04EC0-301F-11D3-BF4B-00C04F79EFBC}") = "SertaoArch.Mapping", "SertaoArch.Mapping\SertaoArch.Mapping.csproj", "{19310C45-6E2C-F5C0-FDA3-96A6BA746601}"
EndProject
Project("{FAE04EC0-301F-11D3-BF4B-00C04F79EFBC}") = "SertaoArch.Data", "SertaoArch.Data\SertaoArch.Data.csproj", "{1BF0B7BD-714F-0692-2993-730ACA77F6E8}"
EndProject
Project("{FAE04EC0-301F-11D3-BF4B-00C04F79EFBC}") = "SertaoArch.UserMi.ApplicationTests", "SertaoArch.UserMi\SertaoArch.UserMi.ApplicationTests\SertaoArch.UserMi.ApplicationTests.csproj", "{D46FA41D-FC32-30C6-BA47-D6898E82643C}"
EndProject
Project("{FAE04EC0-301F-11D3-BF4B-00C04F79EFBC}") = "SertaoArch.UserMi.Application", "SertaoArch.UserMi\SertaoArch.UserMi.Application\SertaoArch.UserMi.Application.csproj", "{604CF016-B91E-0394-DCDA-A435C70B3937}"
EndProject
Project("{FAE04EC0-301F-11D3-BF4B-00C04F79EFBC}") = "SertaoArch.Contracts", "SertaoArch.ViewModels\SertaoArch.Contracts.csproj", "{2B26D08B-8748-93AE-52F6-DD334A43D613}"
EndProject
Project("{FAE04EC0-301F-11D3-BF4B-00C04F79EFBC}") = "SertaoArch.Common", "SertaoArch.Common\SertaoArch.Common.csproj", "{F8029520-E852-DF27-1C34-F7E9BF9A4350}"
EndProject
Project("{FAE04EC0-301F-11D3-BF4B-00C04F79EFBC}") = "SertaoArch.DI", "SertaoArch.DI\SertaoArch.DI.csproj", "{F8CE2A94-5F50-785A-1266-EC80F4D8D5C1}"
EndProject
Project("{FAE04EC0-301F-11D3-BF4B-00C04F79EFBC}") = "SertaoArch.Repository", "SertaoArch.Business\SertaoArch.Repository.csproj", "{EC9C51D4-E278-800E-378C-61F838367789}"
EndProject
Project("{FAE04EC0-301F-11D3-BF4B-00C04F79EFBC}") = "SertaoArch.Bootstrap", "SertaoArch.Bootstrap\SertaoArch.Bootstrap.csproj", "{1077CED8-BA5F-D940-250C-3CB74E2EE46C}"
EndProject
Project("{FAE04EC0-301F-11D3-BF4B-00C04F79EFBC}") = "SertaoArch.UserMi.Api", "SertaoArch.UserMi\SertaoArch.UserMi.Api\SertaoArch.UserMi.Api.csproj", "{EDD2DB9E-3566-0ACD-B90A-3B43C6BD0620}"
EndProject
Project("{FAE04EC0-301F-11D3-BF4B-00C04F79EFBC}") = "SertaoArch.Worker", "SertaoArch.Worker\SertaoArch.Worker.csproj", "{CF1E5362-F1FF-4B01-8B64-7002A538FB51}"
EndProject
Project("{FAE04EC0-301F-11D3-BF4B-00C04F79EFBC}") = "SertaoArch.QueueServiceRMQ", "SertaoArch.QueueServiceRMQ\SertaoArch.QueueServiceRMQ.csproj", "{2A9C72C7-ECC6-49B5-9C03-2A615D3AF53F}"
EndProject
Project("{2150E333-8FDC-42A3-9474-1A3956D46DE8}") = "Infra", "Infra", "{02EA681E-C7D8-13C7-8484-4AC65E1B71E8}"
EndProject
Global
	GlobalSection(SolutionConfigurationPlatforms) = preSolution
		Debug|Any CPU = Debug|Any CPU
		Debug|x64 = Debug|x64
		Debug|x86 = Debug|x86
		Release|Any CPU = Release|Any CPU
		Release|x64 = Release|x64
		Release|x86 = Release|x86
	EndGlobalSection
	GlobalSection(ProjectConfigurationPlatforms) = postSolution
		{DD59A8B2-409B-1010-204F-862AE1A615E0}.Debug|Any CPU.ActiveCfg = Debug|Any CPU
		{DD59A8B2-409B-1010-204F-862AE1A615E0}.Debug|Any CPU.Build.0 = Debug|Any CPU
		{DD59A8B2-409B-1010-204F-862AE1A615E0}.Debug|x64.ActiveCfg = Debug|Any CPU
		{DD59A8B2-409B-1010-204F-862AE1A615E0}.Debug|x64.Build.0 = Debug|Any CPU
		{DD59A8B2-409B-1010-204F-862AE1A615E0}.Debug|x86.ActiveCfg = Debug|Any CPU
		{DD59A8B2-409B-1010-204F-862AE1A615E0}.Debug|x86.Build.0 = Debug|Any CPU
		{DD59A8B2-409B-1010-204F-862AE1A615E0}.Release|Any CPU.ActiveCfg = Release|Any CPU
		{DD59A8B2-409B-1010-204F-862AE1A615E0}.Release|Any CPU.Build.0 = Release|Any CPU
		{DD59A8B2-409B-1010-204F-862AE1A615E0}.Release|x64.ActiveCfg = Release|Any CPU
		{DD59A8B2-409B-1010-204F-862AE1A615E0}.Release|x64.Build.0 = Release|Any CPU
		{DD59A8B2-409B-1010-204F-862AE1A615E0}.Release|x86.ActiveCfg = Release|Any CPU
		{DD59A8B2-409B-1010-204F-862AE1A615E0}.Release|x86.Build.0 = Release|Any CPU
		{19310C45-6E2C-F5C0-FDA3-96A6BA746601}.Debug|Any CPU.ActiveCfg = Debug|Any CPU
		{19310C45-6E2C-F5C0-FDA3-96A6BA746601}.Debug|Any CPU.Build.0 = Debug|Any CPU
		{19310C45-6E2C-F5C0-FDA3-96A6BA746601}.Debug|x64.ActiveCfg = Debug|Any CPU
		{19310C45-6E2C-F5C0-FDA3-96A6BA746601}.Debug|x64.Build.0 = Debug|Any CPU
		{19310C45-6E2C-F5C0-FDA3-96A6BA746601}.Debug|x86.ActiveCfg = Debug|Any CPU
		{19310C45-6E2C-F5C0-FDA3-96A6BA746601}.Debug|x86.Build.0 = Debug|Any CPU
		{19310C45-6E2C-F5C0-FDA3-96A6BA746601}.Release|Any CPU.ActiveCfg = Release|Any CPU
		{19310C45-6E2C-F5C0-FDA3-96A6BA746601}.Release|Any CPU.Build.0 = Release|Any CPU
		{19310C45-6E2C-F5C0-FDA3-96A6BA746601}.Release|x64.ActiveCfg = Release|Any CPU
		{19310C45-6E2C-F5C0-FDA3-96A6BA746601}.Release|x64.Build.0 = Release|Any CPU
		{19310C45-6E2C-F5C0-FDA3-96A6BA746601}.Release|x86.ActiveCfg = Release|Any CPU
		{19310C45-6E2C-F5C0-FDA3-96A6BA746601}.Release|x86.Build.0 = Release|Any CPU
		{1BF0B7BD-714F-0692-2993-730ACA77F6E8}.Debug|Any CPU.ActiveCfg = Debug|Any CPU
		{1BF0B7BD-714F-0692-2993-730ACA77F6E8}.Debug|Any CPU.Build.0 = Debug|Any CPU
		{1BF0B7BD-714F-0692-2993-730ACA77F6E8}.Debug|x64.ActiveCfg = Debug|Any CPU
		{1BF0B7BD-714F-0692-2993-730ACA77F6E8}.Debug|x64.Build.0 = Debug|Any CPU
		{1BF0B7BD-714F-0692-2993-730ACA77F6E8}.Debug|x86.ActiveCfg = Debug|Any CPU
		{1BF0B7BD-714F-0692-2993-730ACA77F6E8}.Debug|x86.Build.0 = Debug|Any CPU
		{1BF0B7BD-714F-0692-2993-730ACA77F6E8}.Release|Any CPU.ActiveCfg = Release|Any CPU
		{1BF0B7BD-714F-0692-2993-730ACA77F6E8}.Release|Any CPU.Build.0 = Release|Any CPU
		{1BF0B7BD-714F-0692-2993-730ACA77F6E8}.Release|x64.ActiveCfg = Release|Any CPU
		{1BF0B7BD-714F-0692-2993-730ACA77F6E8}.Release|x64.Build.0 = Release|Any CPU
		{1BF0B7BD-714F-0692-2993-730ACA77F6E8}.Release|x86.ActiveCfg = Release|Any CPU
		{1BF0B7BD-714F-0692-2993-730ACA77F6E8}.Release|x86.Build.0 = Release|Any CPU
		{D46FA41D-FC32-30C6-BA47-D6898E82643C}.Debug|Any CPU.ActiveCfg = Debug|Any CPU
		{D46FA41D-FC32-30C6-BA47-D6898E82643C}.Debug|Any CPU.Build.0 = Debug|Any CPU
		{D46FA41D-FC32-30C6-BA47-D6898E82643C}.Debug|x64.ActiveCfg = Debug|Any CPU
		{D46FA41D-FC32-30C6-BA47-D6898E82643C}.Debug|x64.Build.0 = Debug|Any CPU
		{D46FA41D-FC32-30C6-BA47-D6898E82643C}.Debug|x86.ActiveCfg = Debug|Any CPU
		{D46FA41D-FC32-30C6-BA47-D6898E82643C}.Debug|x86.Build.0 = Debug|Any CPU
		{D46FA41D-FC32-30C6-BA47-D6898E82643C}.Release|Any CPU.ActiveCfg = Release|Any CPU
		{D46FA41D-FC32-30C6-BA47-D6898E82643C}.Release|Any CPU.Build.0 = Release|Any CPU
		{D46FA41D-FC32-30C6-BA47-D6898E82643C}.Release|x64.ActiveCfg = Release|Any CPU
		{D46FA41D-FC32-30C6-BA47-D6898E82643C}.Release|x64.Build.0 = Release|Any CPU
		{D46FA41D-FC32-30C6-BA47-D6898E82643C}.Release|x86.ActiveCfg = Release|Any CPU
		{D46FA41D-FC32-30C6-BA47-D6898E82643C}.Release|x86.Build.0 = Release|Any CPU
		{604CF016-B91E-0394-DCDA-A435C70B3937}.Debug|Any CPU.ActiveCfg = Debug|Any CPU
		{604CF016-B91E-0394-DCDA-A435C70B3937}.Debug|Any CPU.Build.0 = Debug|Any CPU
		{604CF016-B91E-0394-DCDA-A435C70B3937}.Debug|x64.ActiveCfg = Debug|Any CPU
		{604CF016-B91E-0394-DCDA-A435C70B3937}.Debug|x64.Build.0 = Debug|Any CPU
		{604CF016-B91E-0394-DCDA-A435C70B3937}.Debug|x86.ActiveCfg = Debug|Any CPU
		{604CF016-B91E-0394-DCDA-A435C70B3937}.Debug|x86.Build.0 = Debug|Any CPU
		{604CF016-B91E-0394-DCDA-A435C70B3937}.Release|Any CPU.ActiveCfg = Release|Any CPU
		{604CF016-B91E-0394-DCDA-A435C70B3937}.Release|Any CPU.Build.0 = Release|Any CPU
		{604CF016-B91E-0394-DCDA-A435C70B3937}.Release|x64.ActiveCfg = Release|Any CPU
		{604CF016-B91E-0394-DCDA-A435C70B3937}.Release|x64.Build.0 = Release|Any CPU
		{604CF016-B91E-0394-DCDA-A435C70B3937}.Release|x86.ActiveCfg = Release|Any CPU
		{604CF016-B91E-0394-DCDA-A435C70B3937}.Release|x86.Build.0 = Release|Any CPU
		{2B26D08B-8748-93AE-52F6-DD334A43D613}.Debug|Any CPU.ActiveCfg = Debug|Any CPU
		{2B26D08B-8748-93AE-52F6-DD334A43D613}.Debug|Any CPU.Build.0 = Debug|Any CPU
		{2B26D08B-8748-93AE-52F6-DD334A43D613}.Debug|x64.ActiveCfg = Debug|Any CPU
		{2B26D08B-8748-93AE-52F6-DD334A43D613}.Debug|x64.Build.0 = Debug|Any CPU
		{2B26D08B-8748-93AE-52F6-DD334A43D613}.Debug|x86.ActiveCfg = Debug|Any CPU
		{2B26D08B-8748-93AE-52F6-DD334A43D613}.Debug|x86.Build.0 = Debug|Any CPU
		{2B26D08B-8748-93AE-52F6-DD334A43D613}.Release|Any CPU.ActiveCfg = Release|Any CPU
		{2B26D08B-8748-93AE-52F6-DD334A43D613}.Release|Any CPU.Build.0 = Release|Any CPU
		{2B26D08B-8748-93AE-52F6-DD334A43D613}.Release|x64.ActiveCfg = Release|Any CPU
		{2B26D08B-8748-93AE-52F6-DD334A43D613}.Release|x64.Build.0 = Release|Any CPU
		{2B26D08B-8748-93AE-52F6-DD334A43D613}.Release|x86.ActiveCfg = Release|Any CPU
		{2B26D08B-8748-93AE-52F6-DD334A43D613}.Release|x86.Build.0 = Release|Any CPU
		{F8029520-E852-DF27-1C34-F7E9BF9A4350}.Debug|Any CPU.ActiveCfg = Debug|Any CPU
		{F8029520-E852-DF27-1C34-F7E9BF9A4350}.Debug|Any CPU.Build.0 = Debug|Any CPU
		{F8029520-E852-DF27-1C34-F7E9BF9A4350}.Debug|x64.ActiveCfg = Debug|Any CPU
		{F8029520-E852-DF27-1C34-F7E9BF9A4350}.Debug|x64.Build.0 = Debug|Any CPU
		{F8029520-E852-DF27-1C34-F7E9BF9A4350}.Debug|x86.ActiveCfg = Debug|Any CPU
		{F8029520-E852-DF27-1C34-F7E9BF9A4350}.Debug|x86.Build.0 = Debug|Any CPU
		{F8029520-E852-DF27-1C34-F7E9BF9A4350}.Release|Any CPU.ActiveCfg = Release|Any CPU
		{F8029520-E852-DF27-1C34-F7E9BF9A4350}.Release|Any CPU.Build.0 = Release|Any CPU
		{F8029520-E852-DF27-1C34-F7E9BF9A4350}.Release|x64.ActiveCfg = Release|Any CPU
		{F8029520-E852-DF27-1C34-F7E9BF9A4350}.Release|x64.Build.0 = Release|Any CPU
		{F8029520-E852-DF27-1C34-F7E9BF9A4350}.Release|x86.ActiveCfg = Release|Any CPU
		{F8029520-E852-DF27-1C34-F7E9BF9A4350}.Release|x86.Build.0 = Release|Any CPU
		{F8CE2A94-5F50-785A-1266-EC80F4D8D5C1}.Debug|Any CPU.ActiveCfg = Debug|Any CPU
		{F8CE2A94-5F50-785A-1266-EC80F4D8D5C1}.Debug|Any CPU.Build.0 = Debug|Any CPU
		{F8CE2A94-5F50-785A-1266-EC80F4D8D5C1}.Debug|x64.ActiveCfg = Debug|Any CPU
		{F8CE2A94-5F50-785A-1266-EC80F4D8D5C1}.Debug|x64.Build.0 = Debug|Any CPU
		{F8CE2A94-5F50-785A-1266-EC80F4D8D5C1}.Debug|x86.ActiveCfg = Debug|Any CPU
		{F8CE2A94-5F50-785A-1266-EC80F4D8D5C1}.Debug|x86.Build.0 = Debug|Any CPU
		{F8CE2A94-5F50-785A-1266-EC80F4D8D5C1}.Release|Any CPU.ActiveCfg = Release|Any CPU
		{F8CE2A94-5F50-785A-1266-EC80F4D8D5C1}.Release|Any CPU.Build.0 = Release|Any CPU
		{F8CE2A94-5F50-785A-1266-EC80F4D8D5C1}.Release|x64.ActiveCfg = Release|Any CPU
		{F8CE2A94-5F50-785A-1266-EC80F4D8D5C1}.Release|x64.Build.0 = Release|Any CPU
		{F8CE2A94-5F50-785A-1266-EC80F4D8D5C1}.Release|x86.ActiveCfg = Release|Any CPU
		{F8CE2A94-5F50-785A-1266-EC80F4D8D5C1}.Release|x86.Build.0 = Release|Any CPU
		{EC9C51D4-E278-800E-378C-61F838367789}.Debug|Any CPU.ActiveCfg = Debug|Any CPU
		{EC9C51D4-E278-800E-378C-61F838367789}.Debug|Any CPU.Build.0 = Debug|Any CPU
		{EC9C51D4-E278-800E-378C-61F838367789}.Debug|x64.ActiveCfg = Debug|Any CPU
		{EC9C51D4-E278-800E-378C-61F838367789}.Debug|x64.Build.0 = Debug|Any CPU
		{EC9C51D4-E278-800E-378C-61F838367789}.Debug|x86.ActiveCfg = Debug|Any CPU
		{EC9C51D4-E278-800E-378C-61F838367789}.Debug|x86.Build.0 = Debug|Any CPU
		{EC9C51D4-E278-800E-378C-61F838367789}.Release|Any CPU.ActiveCfg = Release|Any CPU
		{EC9C51D4-E278-800E-378C-61F838367789}.Release|Any CPU.Build.0 = Release|Any CPU
		{EC9C51D4-E278-800E-378C-61F838367789}.Release|x64.ActiveCfg = Release|Any CPU
		{EC9C51D4-E278-800E-378C-61F838367789}.Release|x64.Build.0 = Release|Any CPU
		{EC9C51D4-E278-800E-378C-61F838367789}.Release|x86.ActiveCfg = Release|Any CPU
		{EC9C51D4-E278-800E-378C-61F838367789}.Release|x86.Build.0 = Release|Any CPU
		{1077CED8-BA5F-D940-250C-3CB74E2EE46C}.Debug|Any CPU.ActiveCfg = Debug|Any CPU
		{1077CED8-BA5F-D940-250C-3CB74E2EE46C}.Debug|Any CPU.Build.0 = Debug|Any CPU
		{1077CED8-BA5F-D940-250C-3CB74E2EE46C}.Debug|x64.ActiveCfg = Debug|Any CPU
		{1077CED8-BA5F-D940-250C-3CB74E2EE46C}.Debug|x64.Build.0 = Debug|Any CPU
		{1077CED8-BA5F-D940-250C-3CB74E2EE46C}.Debug|x86.ActiveCfg = Debug|Any CPU
		{1077CED8-BA5F-D940-250C-3CB74E2EE46C}.Debug|x86.Build.0 = Debug|Any CPU
		{1077CED8-BA5F-D940-250C-3CB74E2EE46C}.Release|Any CPU.ActiveCfg = Release|Any CPU
		{1077CED8-BA5F-D940-250C-3CB74E2EE46C}.Release|Any CPU.Build.0 = Release|Any CPU
		{1077CED8-BA5F-D940-250C-3CB74E2EE46C}.Release|x64.ActiveCfg = Release|Any CPU
		{1077CED8-BA5F-D940-250C-3CB74E2EE46C}.Release|x64.Build.0 = Release|Any CPU
		{1077CED8-BA5F-D940-250C-3CB74E2EE46C}.Release|x86.ActiveCfg = Release|Any CPU
		{1077CED8-BA5F-D940-250C-3CB74E2EE46C}.Release|x86.Build.0 = Release|Any CPU
		{EDD2DB9E-3566-0ACD-B90A-3B43C6BD0620}.Debug|Any CPU.ActiveCfg = Debug|Any CPU
		{EDD2DB9E-3566-0ACD-B90A-3B43C6BD0620}.Debug|Any CPU.Build.0 = Debug|Any CPU
		{EDD2DB9E-3566-0ACD-B90A-3B43C6BD0620}.Debug|x64.ActiveCfg = Debug|Any CPU
		{EDD2DB9E-3566-0ACD-B90A-3B43C6BD0620}.Debug|x64.Build.0 = Debug|Any CPU
		{EDD2DB9E-3566-0ACD-B90A-3B43C6BD0620}.Debug|x86.ActiveCfg = Debug|Any CPU
		{EDD2DB9E-3566-0ACD-B90A-3B43C6BD0620}.Debug|x86.Build.0 = Debug|Any CPU
		{EDD2DB9E-3566-0ACD-B90A-3B43C6BD0620}.Release|Any CPU.ActiveCfg = Release|Any CPU
		{EDD2DB9E-3566-0ACD-B90A-3B43C6BD0620}.Release|Any CPU.Build.0 = Release|Any CPU
		{EDD2DB9E-3566-0ACD-B90A-3B43C6BD0620}.Release|x64.ActiveCfg = Release|Any CPU
		{EDD2DB9E-3566-0ACD-B90A-3B43C6BD0620}.Release|x64.Build.0 = Release|Any CPU
		{EDD2DB9E-3566-0ACD-B90A-3B43C6BD0620}.Release|x86.ActiveCfg = Release|Any CPU
		{EDD2DB9E-3566-0ACD-B90A-3B43C6BD0620}.Release|x86.Build.0 = Release|Any CPU
		{CF1E5362-F1FF-4B01-8B64-7002A538FB51}.Debug|Any CPU.ActiveCfg = Debug|Any CPU
		{CF1E5362-F1FF-4B01-8B64-7002A538FB51}.Debug|Any CPU.Build.0 = Debug|Any CPU
		{CF1E5362-F1FF-4B01-8B64-7002A538FB51}.Debug|x64.ActiveCfg = Debug|Any CPU
		{CF1E5362-F1FF-4B01-8B64-7002A538FB51}.Debug|x64.Build.0 = Debug|Any CPU
		{CF1E5362-F1FF-4B01-8B64-7002A538FB51}.Debug|x86.ActiveCfg = Debug|Any CPU
		{CF1E5362-F1FF-4B01-8B64-7002A538FB51}.Debug|x86.Build.0 = Debug|Any CPU
		{CF1E5362-F1FF-4B01-8B64-7002A538FB51}.Release|Any CPU.ActiveCfg = Release|Any CPU
		{CF1E5362-F1FF-4B01-8B64-7002A538FB51}.Release|Any CPU.Build.0 = Release|Any CPU
		{CF1E5362-F1FF-4B01-8B64-7002A538FB51}.Release|x64.ActiveCfg = Release|Any CPU
		{CF1E5362-F1FF-4B01-8B64-7002A538FB51}.Release|x64.Build.0 = Release|Any CPU
		{CF1E5362-F1FF-4B01-8B64-7002A538FB51}.Release|x86.ActiveCfg = Release|Any CPU
		{CF1E5362-F1FF-4B01-8B64-7002A538FB51}.Release|x86.Build.0 = Release|Any CPU
		{2A9C72C7-ECC6-49B5-9C03-2A615D3AF53F}.Debug|Any CPU.ActiveCfg = Debug|Any CPU
		{2A9C72C7-ECC6-49B5-9C03-2A615D3AF53F}.Debug|Any CPU.Build.0 = Debug|Any CPU
		{2A9C72C7-ECC6-49B5-9C03-2A615D3AF53F}.Debug|x64.ActiveCfg = Debug|Any CPU
		{2A9C72C7-ECC6-49B5-9C03-2A615D3AF53F}.Debug|x64.Build.0 = Debug|Any CPU
		{2A9C72C7-ECC6-49B5-9C03-2A615D3AF53F}.Debug|x86.ActiveCfg = Debug|Any CPU
		{2A9C72C7-ECC6-49B5-9C03-2A615D3AF53F}.Debug|x86.Build.0 = Debug|Any CPU
		{2A9C72C7-ECC6-49B5-9C03-2A615D3AF53F}.Release|Any CPU.ActiveCfg = Release|Any CPU
		{2A9C72C7-ECC6-49B5-9C03-2A615D3AF53F}.Release|Any CPU.Build.0 = Release|Any CPU
		{2A9C72C7-ECC6-49B5-9C03-2A615D3AF53F}.Release|x64.ActiveCfg = Release|Any CPU
		{2A9C72C7-ECC6-49B5-9C03-2A615D3AF53F}.Release|x64.Build.0 = Release|Any CPU
		{2A9C72C7-ECC6-49B5-9C03-2A615D3AF53F}.Release|x86.ActiveCfg = Release|Any CPU
		{2A9C72C7-ECC6-49B5-9C03-2A615D3AF53F}.Release|x86.Build.0 = Release|Any CPU
	EndGlobalSection
	GlobalSection(SolutionProperties) = preSolution
		HideSolutionNode = FALSE
	EndGlobalSection
	GlobalSection(NestedProjects) = preSolution
		{19310C45-6E2C-F5C0-FDA3-96A6BA746601} = {02EA681E-C7D8-13C7-8484-4AC65E1B71E8}
		{1BF0B7BD-714F-0692-2993-730ACA77F6E8} = {02EA681E-C7D8-13C7-8484-4AC65E1B71E8}
		{D46FA41D-FC32-30C6-BA47-D6898E82643C} = {89EEF720-07C1-E444-384C-A52FA18102CF}
		{604CF016-B91E-0394-DCDA-A435C70B3937} = {89EEF720-07C1-E444-384C-A52FA18102CF}
		{F8029520-E852-DF27-1C34-F7E9BF9A4350} = {02EA681E-C7D8-13C7-8484-4AC65E1B71E8}
		{F8CE2A94-5F50-785A-1266-EC80F4D8D5C1} = {02EA681E-C7D8-13C7-8484-4AC65E1B71E8}
		{EC9C51D4-E278-800E-378C-61F838367789} = {02EA681E-C7D8-13C7-8484-4AC65E1B71E8}
		{1077CED8-BA5F-D940-250C-3CB74E2EE46C} = {02EA681E-C7D8-13C7-8484-4AC65E1B71E8}
		{EDD2DB9E-3566-0ACD-B90A-3B43C6BD0620} = {89EEF720-07C1-E444-384C-A52FA18102CF}
		{2A9C72C7-ECC6-49B5-9C03-2A615D3AF53F} = {02EA681E-C7D8-13C7-8484-4AC65E1B71E8}
	EndGlobalSection
	GlobalSection(ExtensibilityGlobals) = postSolution
		SolutionGuid = {2909013C-2667-42FC-86BF-C7CF9A504F7E}
	EndGlobalSection
EndGlobal
