
Microsoft Visual Studio Solution File, Format Version 12.00
# Visual Studio Version 17
VisualStudioVersion = 17.13.36105.23
MinimumVisualStudioVersion = 10.0.40219.1
Project("{FAE04EC0-301F-11D3-BF4B-00C04F79EFBC}") = "SertaoArch.UserMi.Api", "SertaoArch.UserMi\SertaoArch.UserMi.Api\SertaoArch.UserMi.Api.csproj", "{E0090DB4-0530-4644-B347-D11137D55A4B}"
EndProject
Project("{FAE04EC0-301F-11D3-BF4B-00C04F79EFBC}") = "SertaoArch.UserMi.Domain", "SertaoArch.UserMi\SertaoArch.UserMi.Domain\SertaoArch.UserMi.Domain.csproj", "{205E41B8-63BF-413D-9DA9-40CB927D016E}"
EndProject
Project("{FAE04EC0-301F-11D3-BF4B-00C04F79EFBC}") = "SertaoArch.UserMi.ApplicationTests", "SertaoArch.UserMi\SertaoArch.UserMi.ApplicationTests\SertaoArch.UserMi.ApplicationTests.csproj", "{18596198-3C70-4F3F-88E8-001D1F8E2DD8}"
EndProject
Project("{FAE04EC0-301F-11D3-BF4B-00C04F79EFBC}") = "SertaoArch.UserMi.Bootstrap", "SertaoArch.UserMi\SertaoArch.UserMi.Bootstrap\SertaoArch.UserMi.Bootstrap.csproj", "{28EAE2B1-AB0D-4824-80DB-A572AA246987}"
EndProject
Project("{FAE04EC0-301F-11D3-BF4B-00C04F79EFBC}") = "SertaoArch.UserMi.Repository", "SertaoArch.UserMi\SertaoArch.UserMi.Business\SertaoArch.UserMi.Repository.csproj", "{A463F929-F55D-4D3A-88C7-970A9C8C24ED}"
EndProject
Project("{FAE04EC0-301F-11D3-BF4B-00C04F79EFBC}") = "SertaoArch.UserMi.Common", "SertaoArch.UserMi\SertaoArch.UserMi.Common\SertaoArch.UserMi.Common.csproj", "{26AD3B42-CF06-4739-978E-E25C019B9BEE}"
EndProject
Project("{FAE04EC0-301F-11D3-BF4B-00C04F79EFBC}") = "SertaoArch.UserMi.Data", "SertaoArch.UserMi\SertaoArch.UserMi.Data\SertaoArch.UserMi.Data.csproj", "{DA58A1F1-BAA0-4A43-891E-35317419E4DA}"
EndProject
Project("{FAE04EC0-301F-11D3-BF4B-00C04F79EFBC}") = "SertaoArch.UserMi.DI", "SertaoArch.UserMi\SertaoArch.UserMi.DI\SertaoArch.UserMi.DI.csproj", "{ABFC043E-8956-4FC6-83B6-C7EB5070C516}"
EndProject
Project("{FAE04EC0-301F-11D3-BF4B-00C04F79EFBC}") = "SertaoArch.UserMi.Mapping", "SertaoArch.UserMi\SertaoArch.UserMi.Mapping\SertaoArch.UserMi.Mapping.csproj", "{70496F7D-3353-4D26-A45D-6D0B7FDF6F08}"
EndProject
Project("{FAE04EC0-301F-11D3-BF4B-00C04F79EFBC}") = "SertaoArch.UserMi.Contracts", "SertaoArch.UserMi\SertaoArch.UserMi.ViewModels\SertaoArch.UserMi.Contracts.csproj", "{A156A615-9E1B-492D-BCA2-94714A9A9923}"
EndProject
Project("{2150E333-8FDC-42A3-9474-1A3956D46DE8}") = "Presentation", "Presentation", "{02EA681E-C7D8-13C7-8484-4AC65E1B71E8}"
EndProject
Project("{2150E333-8FDC-42A3-9474-1A3956D46DE8}") = "Infra", "Infra", "{C5696B5D-9AA0-4380-A6E6-BAE3D20AA6E0}"
EndProject
Project("{FAE04EC0-301F-11D3-BF4B-00C04F79EFBC}") = "SertaoArch.UserMi.Application", "SertaoArch.UserMi\SertaoArch.UserMi.Application\SertaoArch.UserMi.Application.csproj", "{B806781A-85F5-45DB-AC85-AB6CE66F9A7D}"
EndProject
Global
	GlobalSection(SolutionConfigurationPlatforms) = preSolution
		Debug|Any CPU = Debug|Any CPU
		Release|Any CPU = Release|Any CPU
	EndGlobalSection
	GlobalSection(ProjectConfigurationPlatforms) = postSolution
		{E0090DB4-0530-4644-B347-D11137D55A4B}.Debug|Any CPU.ActiveCfg = Debug|Any CPU
		{E0090DB4-0530-4644-B347-D11137D55A4B}.Debug|Any CPU.Build.0 = Debug|Any CPU
		{E0090DB4-0530-4644-B347-D11137D55A4B}.Release|Any CPU.ActiveCfg = Release|Any CPU
		{E0090DB4-0530-4644-B347-D11137D55A4B}.Release|Any CPU.Build.0 = Release|Any CPU
		{205E41B8-63BF-413D-9DA9-40CB927D016E}.Debug|Any CPU.ActiveCfg = Debug|Any CPU
		{205E41B8-63BF-413D-9DA9-40CB927D016E}.Debug|Any CPU.Build.0 = Debug|Any CPU
		{205E41B8-63BF-413D-9DA9-40CB927D016E}.Release|Any CPU.ActiveCfg = Release|Any CPU
		{205E41B8-63BF-413D-9DA9-40CB927D016E}.Release|Any CPU.Build.0 = Release|Any CPU
		{18596198-3C70-4F3F-88E8-001D1F8E2DD8}.Debug|Any CPU.ActiveCfg = Debug|Any CPU
		{18596198-3C70-4F3F-88E8-001D1F8E2DD8}.Debug|Any CPU.Build.0 = Debug|Any CPU
		{18596198-3C70-4F3F-88E8-001D1F8E2DD8}.Release|Any CPU.ActiveCfg = Release|Any CPU
		{18596198-3C70-4F3F-88E8-001D1F8E2DD8}.Release|Any CPU.Build.0 = Release|Any CPU
		{28EAE2B1-AB0D-4824-80DB-A572AA246987}.Debug|Any CPU.ActiveCfg = Debug|Any CPU
		{28EAE2B1-AB0D-4824-80DB-A572AA246987}.Debug|Any CPU.Build.0 = Debug|Any CPU
		{28EAE2B1-AB0D-4824-80DB-A572AA246987}.Release|Any CPU.ActiveCfg = Release|Any CPU
		{28EAE2B1-AB0D-4824-80DB-A572AA246987}.Release|Any CPU.Build.0 = Release|Any CPU
		{A463F929-F55D-4D3A-88C7-970A9C8C24ED}.Debug|Any CPU.ActiveCfg = Debug|Any CPU
		{A463F929-F55D-4D3A-88C7-970A9C8C24ED}.Debug|Any CPU.Build.0 = Debug|Any CPU
		{A463F929-F55D-4D3A-88C7-970A9C8C24ED}.Release|Any CPU.ActiveCfg = Release|Any CPU
		{A463F929-F55D-4D3A-88C7-970A9C8C24ED}.Release|Any CPU.Build.0 = Release|Any CPU
		{26AD3B42-CF06-4739-978E-E25C019B9BEE}.Debug|Any CPU.ActiveCfg = Debug|Any CPU
		{26AD3B42-CF06-4739-978E-E25C019B9BEE}.Debug|Any CPU.Build.0 = Debug|Any CPU
		{26AD3B42-CF06-4739-978E-E25C019B9BEE}.Release|Any CPU.ActiveCfg = Release|Any CPU
		{26AD3B42-CF06-4739-978E-E25C019B9BEE}.Release|Any CPU.Build.0 = Release|Any CPU
		{DA58A1F1-BAA0-4A43-891E-35317419E4DA}.Debug|Any CPU.ActiveCfg = Debug|Any CPU
		{DA58A1F1-BAA0-4A43-891E-35317419E4DA}.Debug|Any CPU.Build.0 = Debug|Any CPU
		{DA58A1F1-BAA0-4A43-891E-35317419E4DA}.Release|Any CPU.ActiveCfg = Release|Any CPU
		{DA58A1F1-BAA0-4A43-891E-35317419E4DA}.Release|Any CPU.Build.0 = Release|Any CPU
		{ABFC043E-8956-4FC6-83B6-C7EB5070C516}.Debug|Any CPU.ActiveCfg = Debug|Any CPU
		{ABFC043E-8956-4FC6-83B6-C7EB5070C516}.Debug|Any CPU.Build.0 = Debug|Any CPU
		{ABFC043E-8956-4FC6-83B6-C7EB5070C516}.Release|Any CPU.ActiveCfg = Release|Any CPU
		{ABFC043E-8956-4FC6-83B6-C7EB5070C516}.Release|Any CPU.Build.0 = Release|Any CPU
		{70496F7D-3353-4D26-A45D-6D0B7FDF6F08}.Debug|Any CPU.ActiveCfg = Debug|Any CPU
		{70496F7D-3353-4D26-A45D-6D0B7FDF6F08}.Debug|Any CPU.Build.0 = Debug|Any CPU
		{70496F7D-3353-4D26-A45D-6D0B7FDF6F08}.Release|Any CPU.ActiveCfg = Release|Any CPU
		{70496F7D-3353-4D26-A45D-6D0B7FDF6F08}.Release|Any CPU.Build.0 = Release|Any CPU
		{A156A615-9E1B-492D-BCA2-94714A9A9923}.Debug|Any CPU.ActiveCfg = Debug|Any CPU
		{A156A615-9E1B-492D-BCA2-94714A9A9923}.Debug|Any CPU.Build.0 = Debug|Any CPU
		{A156A615-9E1B-492D-BCA2-94714A9A9923}.Release|Any CPU.ActiveCfg = Release|Any CPU
		{A156A615-9E1B-492D-BCA2-94714A9A9923}.Release|Any CPU.Build.0 = Release|Any CPU
		{B806781A-85F5-45DB-AC85-AB6CE66F9A7D}.Debug|Any CPU.ActiveCfg = Debug|Any CPU
		{B806781A-85F5-45DB-AC85-AB6CE66F9A7D}.Debug|Any CPU.Build.0 = Debug|Any CPU
		{B806781A-85F5-45DB-AC85-AB6CE66F9A7D}.Release|Any CPU.ActiveCfg = Release|Any CPU
		{B806781A-85F5-45DB-AC85-AB6CE66F9A7D}.Release|Any CPU.Build.0 = Release|Any CPU
	EndGlobalSection
	GlobalSection(SolutionProperties) = preSolution
		HideSolutionNode = FALSE
	EndGlobalSection
	GlobalSection(NestedProjects) = preSolution
		{E0090DB4-0530-4644-B347-D11137D55A4B} = {02EA681E-C7D8-13C7-8484-4AC65E1B71E8}
		{18596198-3C70-4F3F-88E8-001D1F8E2DD8} = {02EA681E-C7D8-13C7-8484-4AC65E1B71E8}
		{28EAE2B1-AB0D-4824-80DB-A572AA246987} = {C5696B5D-9AA0-4380-A6E6-BAE3D20AA6E0}
		{DA58A1F1-BAA0-4A43-891E-35317419E4DA} = {C5696B5D-9AA0-4380-A6E6-BAE3D20AA6E0}
		{ABFC043E-8956-4FC6-83B6-C7EB5070C516} = {C5696B5D-9AA0-4380-A6E6-BAE3D20AA6E0}
		{70496F7D-3353-4D26-A45D-6D0B7FDF6F08} = {C5696B5D-9AA0-4380-A6E6-BAE3D20AA6E0}
		{A156A615-9E1B-492D-BCA2-94714A9A9923} = {02EA681E-C7D8-13C7-8484-4AC65E1B71E8}
	EndGlobalSection
	GlobalSection(ExtensibilityGlobals) = postSolution
		SolutionGuid = {9987F9AD-DBE8-492F-B17E-ED8765EB1F5A}
	EndGlobalSection
EndGlobal
